# This file is automatically @generated by Cargo.
# It is not intended for manual editing.
version = 4

[[package]]
name = "campfire-client"
version = "0.0.0"

[[package]]
name = "campfire-content"
version = "0.0.0"

[[package]]
name = "campfire-det-ci"
version = "0.0.0"

[[package]]
name = "campfire-identity"
version = "0.0.0"

[[package]]
name = "campfire-kit-moba"
version = "0.0.0"

[[package]]
name = "campfire-math"
version = "0.0.0"

[[package]]
name = "campfire-net"
version = "0.0.0"

[[package]]
name = "campfire-protocol"
version = "0.0.0"

[[package]]
name = "campfire-runner"
version = "0.0.0"

[[package]]
name = "campfire-script"
version = "0.0.0"

[[package]]
name = "campfire-server"
version = "0.0.0"

[[package]]
name = "campfire-sim"
version = "0.0.0"

[[package]]
name = "campfire-verifier"
version = "0.0.0"
